
Microsoft Visual Studio Solution File, Format Version 12.00
# Visual Studio 15
Project("{FAE04EC0-301F-11D3-BF4B-00C04F79EFBC}") = "Assembly-CSharp", "Assembly-CSharp.csproj", "{BEEE9543-4A1A-0AD2-22A5-8B62D995D0EB}"
EndProject
Project("{FAE04EC0-301F-11D3-BF4B-00C04F79EFBC}") = "Assembly-CSharp-firstpass", "Assembly-CSharp-firstpass.csproj", "{1DD53D55-DEDC-5B20-5FE5-B1B08DD2AF2A}"
EndProject
Project("{FAE04EC0-301F-11D3-BF4B-00C04F79EFBC}") = "Assembly-CSharp-Editor", "Assembly-CSharp-Editor.csproj", "{2965B8E8-9DF0-1307-A139-541440694CF5}"
EndProject
Global
	GlobalSection(SolutionConfigurationPlatforms) = preSolution
		Debug|Any CPU = Debug|Any CPU
		Release|Any CPU = Release|Any CPU
	EndGlobalSection
	GlobalSection(ProjectConfigurationPlatforms) = postSolution
		{BEEE9543-4A1A-0AD2-22A5-8B62D995D0EB}.Debug|Any CPU.ActiveCfg = Debug|Any CPU
		{BEEE9543-4A1A-0AD2-22A5-8B62D995D0EB}.Debug|Any CPU.Build.0 = Debug|Any CPU
		{BEEE9543-4A1A-0AD2-22A5-8B62D995D0EB}.Release|Any CPU.ActiveCfg = Release|Any CPU
		{BEEE9543-4A1A-0AD2-22A5-8B62D995D0EB}.Release|Any CPU.Build.0 = Release|Any CPU
		{1DD53D55-DEDC-5B20-5FE5-B1B08DD2AF2A}.Debug|Any CPU.ActiveCfg = Debug|Any CPU
		{1DD53D55-DEDC-5B20-5FE5-B1B08DD2AF2A}.Debug|Any CPU.Build.0 = Debug|Any CPU
		{1DD53D55-DEDC-5B20-5FE5-B1B08DD2AF2A}.Release|Any CPU.ActiveCfg = Release|Any CPU
		{1DD53D55-DEDC-5B20-5FE5-B1B08DD2AF2A}.Release|Any CPU.Build.0 = Release|Any CPU
		{2965B8E8-9DF0-1307-A139-541440694CF5}.Debug|Any CPU.ActiveCfg = Debug|Any CPU
		{2965B8E8-9DF0-1307-A139-541440694CF5}.Debug|Any CPU.Build.0 = Debug|Any CPU
		{2965B8E8-9DF0-1307-A139-541440694CF5}.Release|Any CPU.ActiveCfg = Release|Any CPU
		{2965B8E8-9DF0-1307-A139-541440694CF5}.Release|Any CPU.Build.0 = Release|Any CPU
	EndGlobalSection
	GlobalSection(SolutionProperties) = preSolution
		HideSolutionNode = FALSE
	EndGlobalSection
EndGlobal
